// !$*UTF8*$!
{
	archiveVersion = 1;
	classes = {
	};
	objectVersion = 51;
	objects = {

/* Begin PBXBuildFile section */
		A706DA802843864A00473941 /* emailSender.swift in Sources */ = {isa = PBXBuildFile; fileRef = A706DA7F2843864A00473941 /* emailSender.swift */; };
		A706DA822843867800473941 /* export.swift in Sources */ = {isa = PBXBuildFile; fileRef = A706DA812843867800473941 /* export.swift */; };
		A70BCC3A27B9471E00C22703 /* loginManager.swift in Sources */ = {isa = PBXBuildFile; fileRef = A70BCC3927B9471E00C22703 /* loginManager.swift */; };
		A70FC0FB28AA969E00E154DB /* recommendationMesssage.swift in Sources */ = {isa = PBXBuildFile; fileRef = A70FC0FA28AA969E00E154DB /* recommendationMesssage.swift */; };
		A71CAEF228280F7600C6AC9F /* predictManager.swift in Sources */ = {isa = PBXBuildFile; fileRef = A71CAEF128280F7600C6AC9F /* predictManager.swift */; };
		A7230C7F27705AED00B68244 /* excelManager.swift in Sources */ = {isa = PBXBuildFile; fileRef = A7230C7E27705AED00B68244 /* excelManager.swift */; };
		A7289FB4294F530A00B35BD3 /* aboutApp.swift in Sources */ = {isa = PBXBuildFile; fileRef = A7289FB3294F530A00B35BD3 /* aboutApp.swift */; };
		A73C74F628CF2BF2008D09BF /* addCustomMeal.swift in Sources */ = {isa = PBXBuildFile; fileRef = A73C74F528CF2BF2008D09BF /* addCustomMeal.swift */; };
		A73DAF3C28BFDA9E00995E66 /* editScreenView.swift in Sources */ = {isa = PBXBuildFile; fileRef = A73DAF3B28BFDA9E00995E66 /* editScreenView.swift */; };
		A74A1CC228B1016C0038C79F /* startPage.swift in Sources */ = {isa = PBXBuildFile; fileRef = A74A1CC128B1016C0038C79F /* startPage.swift */; };
		A767CC7F2944C0BE0093A979 /* giIndicator.swift in Sources */ = {isa = PBXBuildFile; fileRef = A767CC7E2944C0BE0093A979 /* giIndicator.swift */; };
		A770675828A459F800457195 /* savedNotice.swift in Sources */ = {isa = PBXBuildFile; fileRef = A770675728A459F800457195 /* savedNotice.swift */; };
		A777150028D71931005C5793 /* versionChoose.swift in Sources */ = {isa = PBXBuildFile; fileRef = A77714FF28D71931005C5793 /* versionChoose.swift */; };
		A77B7ED62973EFEA00CFEBD5 /* addGramButton.swift in Sources */ = {isa = PBXBuildFile; fileRef = A77B7ED22973EFEA00CFEBD5 /* addGramButton.swift */; };
		A77B7ED72973EFEA00CFEBD5 /* listRow.swift in Sources */ = {isa = PBXBuildFile; fileRef = A77B7ED32973EFEA00CFEBD5 /* listRow.swift */; };
		A77B7ED82973EFEA00CFEBD5 /* succesNotify.swift in Sources */ = {isa = PBXBuildFile; fileRef = A77B7ED42973EFEA00CFEBD5 /* succesNotify.swift */; };
		A77B7ED92973EFEA00CFEBD5 /* listHeader.swift in Sources */ = {isa = PBXBuildFile; fileRef = A77B7ED52973EFEA00CFEBD5 /* listHeader.swift */; };
		A77B7EDD2973EFF600CFEBD5 /* listModel.swift in Sources */ = {isa = PBXBuildFile; fileRef = A77B7EDB2973EFF600CFEBD5 /* listModel.swift */; };
		A77B7EE22973EFFC00CFEBD5 /* inGroupList.swift in Sources */ = {isa = PBXBuildFile; fileRef = A77B7EE02973EFFC00CFEBD5 /* inGroupList.swift */; };
		A77B7EE32973EFFC00CFEBD5 /* listOfGroups.swift in Sources */ = {isa = PBXBuildFile; fileRef = A77B7EE12973EFFC00CFEBD5 /* listOfGroups.swift */; };
		A77B7EE62973F00400CFEBD5 /* searchByWordList.swift in Sources */ = {isa = PBXBuildFile; fileRef = A77B7EE52973F00400CFEBD5 /* searchByWordList.swift */; };
		A77B7EE82973F01100CFEBD5 /* searchViewsGroup.swift in Sources */ = {isa = PBXBuildFile; fileRef = A77B7EE72973F01100CFEBD5 /* searchViewsGroup.swift */; };
		A77B7EEA2973F01700CFEBD5 /* enterPoint.swift in Sources */ = {isa = PBXBuildFile; fileRef = A77B7EE92973F01700CFEBD5 /* enterPoint.swift */; };
		A77B7EF02973F94E00CFEBD5 /* Localizable.strings in Resources */ = {isa = PBXBuildFile; fileRef = A77B7EF22973F94E00CFEBD5 /* Localizable.strings */; };
		A783B43728D1384000059BBD /* reserved.db in Resources */ = {isa = PBXBuildFile; fileRef = A783B43628D1384000059BBD /* reserved.db */; };
		A78E381E2813F0680096E2E2 /* myExtensions.swift in Sources */ = {isa = PBXBuildFile; fileRef = A78E381D2813F0680096E2E2 /* myExtensions.swift */; };
		A7A4A45728EC5CCC0032652C /* predictModel.mlpackage in Sources */ = {isa = PBXBuildFile; fileRef = A7A4A45628EC5CCC0032652C /* predictModel.mlpackage */; };
		A7BD994727CA46FC0090D9D7 /* helper.swift in Sources */ = {isa = PBXBuildFile; fileRef = A7BD994627CA46FC0090D9D7 /* helper.swift */; };
		A7CE328929225AF4002D8FB0 /* passwordPage.swift in Sources */ = {isa = PBXBuildFile; fileRef = A7CE328829225AF4002D8FB0 /* passwordPage.swift */; };
		A7D0976A2809FE16000A12E1 /* myButtons.swift in Sources */ = {isa = PBXBuildFile; fileRef = A7D097692809FE16000A12E1 /* myButtons.swift */; };
		A7D27E022815ADDC00DC00E9 /* PDFManager.swift in Sources */ = {isa = PBXBuildFile; fileRef = A7D27E012815ADDC00DC00E9 /* PDFManager.swift */; };
		A7DCBBB327BD8AD4009A3A16 /* Launch Screen.storyboard in Resources */ = {isa = PBXBuildFile; fileRef = A7DCBBB227BD8AD4009A3A16 /* Launch Screen.storyboard */; };
		A7DCCA4728C63FBA00D104F5 /* foodCategoryItemView.swift in Sources */ = {isa = PBXBuildFile; fileRef = A7DCCA4628C63FBA00D104F5 /* foodCategoryItemView.swift */; };
		A7DCCA4928C6446B00D104F5 /* foodButton.swift in Sources */ = {isa = PBXBuildFile; fileRef = A7DCCA4828C6446B00D104F5 /* foodButton.swift */; };
		A7DF49D0291A851B007A9371 /* BarsView.swift in Sources */ = {isa = PBXBuildFile; fileRef = A7DF49C2291A851A007A9371 /* BarsView.swift */; };
		A7DF49D1291A851B007A9371 /* AxisView.swift in Sources */ = {isa = PBXBuildFile; fileRef = A7DF49C3291A851A007A9371 /* AxisView.swift */; };
		A7DF49D2291A851B007A9371 /* ChartStyle.swift in Sources */ = {isa = PBXBuildFile; fileRef = A7DF49C4291A851A007A9371 /* ChartStyle.swift */; };
		A7DF49D3291A851B007A9371 /* RandomAccessCollection.swift in Sources */ = {isa = PBXBuildFile; fileRef = A7DF49C5291A851A007A9371 /* RandomAccessCollection.swift */; };
		A7DF49D4291A851B007A9371 /* LineChartView.swift in Sources */ = {isa = PBXBuildFile; fileRef = A7DF49C6291A851A007A9371 /* LineChartView.swift */; };
		A7DF49D5291A851B007A9371 /* LineChartShape.swift in Sources */ = {isa = PBXBuildFile; fileRef = A7DF49C7291A851A007A9371 /* LineChartShape.swift */; };
		A7DF49D6291A851B007A9371 /* Previews.swift in Sources */ = {isa = PBXBuildFile; fileRef = A7DF49C8291A851A007A9371 /* Previews.swift */; };
		A7DF49D7291A851B007A9371 /* BarChartView.swift in Sources */ = {isa = PBXBuildFile; fileRef = A7DF49C9291A851B007A9371 /* BarChartView.swift */; };
		A7DF49D8291A851B007A9371 /* LegendView.swift in Sources */ = {isa = PBXBuildFile; fileRef = A7DF49CA291A851B007A9371 /* LegendView.swift */; };
		A7DF49D9291A851B007A9371 /* StackedHorizontalBarChartView.swift in Sources */ = {isa = PBXBuildFile; fileRef = A7DF49CB291A851B007A9371 /* StackedHorizontalBarChartView.swift */; };
		A7DF49DA291A851B007A9371 /* ChartGrid.swift in Sources */ = {isa = PBXBuildFile; fileRef = A7DF49CC291A851B007A9371 /* ChartGrid.swift */; };
		A7DF49DB291A851B007A9371 /* HorizontalBarChartView.swift in Sources */ = {isa = PBXBuildFile; fileRef = A7DF49CD291A851B007A9371 /* HorizontalBarChartView.swift */; };
		A7DF49DC291A851B007A9371 /* DataPoint.swift in Sources */ = {isa = PBXBuildFile; fileRef = A7DF49CE291A851B007A9371 /* DataPoint.swift */; };
		A7DF49DD291A851B007A9371 /* LabelsView.swift in Sources */ = {isa = PBXBuildFile; fileRef = A7DF49CF291A851B007A9371 /* LabelsView.swift */; };
		A7DF49E0291A85D9007A9371 /* details.swift in Sources */ = {isa = PBXBuildFile; fileRef = A7DF49DF291A85D9007A9371 /* details.swift */; };
		A7F4486B291EB5AD00A4B379 /* loginPage.swift in Sources */ = {isa = PBXBuildFile; fileRef = A7F4486A291EB5AD00A4B379 /* loginPage.swift */; };
		A7F8A597288ED30100C13F36 /* Education.pdf in Resources */ = {isa = PBXBuildFile; fileRef = A7F8A596288ED30100C13F36 /* Education.pdf */; };
		A7FBB23B27FC257D00828432 /* regHelper.swift in Sources */ = {isa = PBXBuildFile; fileRef = A7FBB23A27FC257D00828432 /* regHelper.swift */; };
		AC2603202690691E00C4A520 /* diaApp.swift in Sources */ = {isa = PBXBuildFile; fileRef = AC26031F2690691E00C4A520 /* diaApp.swift */; };
		AC2603222690691E00C4A520 /* mainPage.swift in Sources */ = {isa = PBXBuildFile; fileRef = AC2603212690691E00C4A520 /* mainPage.swift */; };
		AC2603242690691F00C4A520 /* Assets.xcassets in Resources */ = {isa = PBXBuildFile; fileRef = AC2603232690691F00C4A520 /* Assets.xcassets */; };
		AC2603272690691F00C4A520 /* Preview Assets.xcassets in Resources */ = {isa = PBXBuildFile; fileRef = AC2603262690691F00C4A520 /* Preview Assets.xcassets */; };
		AC2C506127289C360009E8EE /* poldny.swift in Sources */ = {isa = PBXBuildFile; fileRef = AC2C506027289C360009E8EE /* poldny.swift */; };
		AC2D32E2273594630022AFD9 /* addFoodButton.swift in Sources */ = {isa = PBXBuildFile; fileRef = AC2D32E1273594630022AFD9 /* addFoodButton.swift */; };
		AC2D32E427359EC50022AFD9 /* diaryManager.swift in Sources */ = {isa = PBXBuildFile; fileRef = AC2D32E327359EC50022AFD9 /* diaryManager.swift */; };
		AC32A68227260081001DDB9F /* pid.swift in Sources */ = {isa = PBXBuildFile; fileRef = AC32A68127260081001DDB9F /* pid.swift */; };
		AC32A68427260602001DDB9F /* pWeight.swift in Sources */ = {isa = PBXBuildFile; fileRef = AC32A68327260602001DDB9F /* pWeight.swift */; };
		AC32A6862726060D001DDB9F /* pHeight.swift in Sources */ = {isa = PBXBuildFile; fileRef = AC32A6852726060D001DDB9F /* pHeight.swift */; };
		AC37A67B276147AF00558E55 /* excelGenerator.swift in Sources */ = {isa = PBXBuildFile; fileRef = AC37A67A276147AF00558E55 /* excelGenerator.swift */; };
		AC3B847526EBA1F200E98681 /* ketonur.swift in Sources */ = {isa = PBXBuildFile; fileRef = AC3B847426EBA1F200E98681 /* ketonur.swift */; };
		AC3C959B26D1B570005B1393 /* enterFood.swift in Sources */ = {isa = PBXBuildFile; fileRef = AC3C959A26D1B570005B1393 /* enterFood.swift */; };
		AC631E0F26CEA90D0033CCFF /* ModalView.swift in Sources */ = {isa = PBXBuildFile; fileRef = AC631E0E26CEA90D0033CCFF /* ModalView.swift */; };
		AC6327022751012C00C25E23 /* historyManager.swift in Sources */ = {isa = PBXBuildFile; fileRef = AC6327012751012C00C25E23 /* historyManager.swift */; };
		AC71760627204582000376FD /* currentV.swift in Sources */ = {isa = PBXBuildFile; fileRef = AC71760527204582000376FD /* currentV.swift */; };
		AC71760827209863000376FD /* diacompanion.db in Resources */ = {isa = PBXBuildFile; fileRef = AC71760727209863000376FD /* diacompanion.db */; };
		AC7A53F726DBF77B00FE65E7 /* enterAct.swift in Sources */ = {isa = PBXBuildFile; fileRef = AC7A53F626DBF77B00FE65E7 /* enterAct.swift */; };
		ACC3798626ECFA7E00E0729E /* massa.swift in Sources */ = {isa = PBXBuildFile; fileRef = ACC3798526ECFA7E00E0729E /* massa.swift */; };
		ACCBA996272B1DA300D785F6 /* RKViewController.swift in Sources */ = {isa = PBXBuildFile; fileRef = ACCBA995272B1DA300D785F6 /* RKViewController.swift */; };
		ACCC5C2E2702190B0057CA7C /* pacientManager.swift in Sources */ = {isa = PBXBuildFile; fileRef = ACCC5C2D2702190B0057CA7C /* pacientManager.swift */; };
		ACD86E8126DE820B0027B8ED /* sugarChange.swift in Sources */ = {isa = PBXBuildFile; fileRef = ACD86E8026DE820B0027B8ED /* sugarChange.swift */; };
		ACEDB47D2721A19400DBB67C /* dStart.swift in Sources */ = {isa = PBXBuildFile; fileRef = ACEDB47C2721A19400DBB67C /* dStart.swift */; };
		ACEDB47F2721A7E400DBB67C /* bday.swift in Sources */ = {isa = PBXBuildFile; fileRef = ACEDB47E2721A7E400DBB67C /* bday.swift */; };
		ACEDB4812721AA7F00DBB67C /* fio.swift in Sources */ = {isa = PBXBuildFile; fileRef = ACEDB4802721AA7F00DBB67C /* fio.swift */; };
		ACEDB4832721BD0600DBB67C /* weekS.swift in Sources */ = {isa = PBXBuildFile; fileRef = ACEDB4822721BD0600DBB67C /* weekS.swift */; };
		ACF2F0A826DE9A1D0066753D /* inject.swift in Sources */ = {isa = PBXBuildFile; fileRef = ACF2F0A726DE9A1D0066753D /* inject.swift */; };
		ACF2F0AA26DEA8300066753D /* history.swift in Sources */ = {isa = PBXBuildFile; fileRef = ACF2F0A926DEA8300066753D /* history.swift */; };
		ACF4E40E272DB126002D2797 /* RKManager.swift in Sources */ = {isa = PBXBuildFile; fileRef = ACF4E407272DB126002D2797 /* RKManager.swift */; };
		ACF4E40F272DB126002D2797 /* RKWeekdayHeader.swift in Sources */ = {isa = PBXBuildFile; fileRef = ACF4E408272DB126002D2797 /* RKWeekdayHeader.swift */; };
		ACF4E410272DB126002D2797 /* RKMonth.swift in Sources */ = {isa = PBXBuildFile; fileRef = ACF4E409272DB126002D2797 /* RKMonth.swift */; };
		ACF4E411272DB126002D2797 /* RKCell.swift in Sources */ = {isa = PBXBuildFile; fileRef = ACF4E40A272DB126002D2797 /* RKCell.swift */; };
		ACF4E412272DB126002D2797 /* RKColorSettings.swift in Sources */ = {isa = PBXBuildFile; fileRef = ACF4E40B272DB126002D2797 /* RKColorSettings.swift */; };
		ACF4E413272DB126002D2797 /* RKDate.swift in Sources */ = {isa = PBXBuildFile; fileRef = ACF4E40C272DB126002D2797 /* RKDate.swift */; };
		ACF7E7C32736F12C0027DD11 /* addSreenView.swift in Sources */ = {isa = PBXBuildFile; fileRef = ACF7E7C22736F12C0027DD11 /* addSreenView.swift */; };
		B6912DAD4F48C528A582AA10 /* Pods_dia.framework in Frameworks */ = {isa = PBXBuildFile; fileRef = 6C02743FFD40C5E72C5C050B /* Pods_dia.framework */; };
/* End PBXBuildFile section */

/* Begin PBXFileReference section */
		6C02743FFD40C5E72C5C050B /* Pods_dia.framework */ = {isa = PBXFileReference; explicitFileType = wrapper.framework; includeInIndex = 0; path = Pods_dia.framework; sourceTree = BUILT_PRODUCTS_DIR; };
		A316D5BECBE459250AC4A311 /* Pods-dia.debug.xcconfig */ = {isa = PBXFileReference; includeInIndex = 1; lastKnownFileType = text.xcconfig; name = "Pods-dia.debug.xcconfig"; path = "Target Support Files/Pods-dia/Pods-dia.debug.xcconfig"; sourceTree = "<group>"; };
		A706DA7F2843864A00473941 /* emailSender.swift */ = {isa = PBXFileReference; lastKnownFileType = sourcecode.swift; path = emailSender.swift; sourceTree = "<group>"; };
		A706DA812843867800473941 /* export.swift */ = {isa = PBXFileReference; lastKnownFileType = sourcecode.swift; path = export.swift; sourceTree = "<group>"; };
		A70BCC3927B9471E00C22703 /* loginManager.swift */ = {isa = PBXFileReference; lastKnownFileType = sourcecode.swift; path = loginManager.swift; sourceTree = "<group>"; };
		A70FC0FA28AA969E00E154DB /* recommendationMesssage.swift */ = {isa = PBXFileReference; lastKnownFileType = sourcecode.swift; path = recommendationMesssage.swift; sourceTree = "<group>"; };
		A71CAEF128280F7600C6AC9F /* predictManager.swift */ = {isa = PBXFileReference; lastKnownFileType = sourcecode.swift; path = predictManager.swift; sourceTree = "<group>"; };
		A7230C7E27705AED00B68244 /* excelManager.swift */ = {isa = PBXFileReference; fileEncoding = 4; lastKnownFileType = sourcecode.swift; path = excelManager.swift; sourceTree = "<group>"; };
		A7289FB3294F530A00B35BD3 /* aboutApp.swift */ = {isa = PBXFileReference; lastKnownFileType = sourcecode.swift; path = aboutApp.swift; sourceTree = "<group>"; };
		A73C74F528CF2BF2008D09BF /* addCustomMeal.swift */ = {isa = PBXFileReference; lastKnownFileType = sourcecode.swift; path = addCustomMeal.swift; sourceTree = "<group>"; };
		A73DAF3B28BFDA9E00995E66 /* editScreenView.swift */ = {isa = PBXFileReference; lastKnownFileType = sourcecode.swift; path = editScreenView.swift; sourceTree = "<group>"; };
		A74A1CC128B1016C0038C79F /* startPage.swift */ = {isa = PBXFileReference; lastKnownFileType = sourcecode.swift; path = startPage.swift; sourceTree = "<group>"; };
		A767CC7E2944C0BE0093A979 /* giIndicator.swift */ = {isa = PBXFileReference; lastKnownFileType = sourcecode.swift; path = giIndicator.swift; sourceTree = "<group>"; };
		A770675728A459F800457195 /* savedNotice.swift */ = {isa = PBXFileReference; lastKnownFileType = sourcecode.swift; path = savedNotice.swift; sourceTree = "<group>"; };
		A77714FF28D71931005C5793 /* versionChoose.swift */ = {isa = PBXFileReference; lastKnownFileType = sourcecode.swift; path = versionChoose.swift; sourceTree = "<group>"; };
		A77B7ED22973EFEA00CFEBD5 /* addGramButton.swift */ = {isa = PBXFileReference; fileEncoding = 4; lastKnownFileType = sourcecode.swift; path = addGramButton.swift; sourceTree = "<group>"; };
		A77B7ED32973EFEA00CFEBD5 /* listRow.swift */ = {isa = PBXFileReference; fileEncoding = 4; lastKnownFileType = sourcecode.swift; path = listRow.swift; sourceTree = "<group>"; };
		A77B7ED42973EFEA00CFEBD5 /* succesNotify.swift */ = {isa = PBXFileReference; fileEncoding = 4; lastKnownFileType = sourcecode.swift; path = succesNotify.swift; sourceTree = "<group>"; };
		A77B7ED52973EFEA00CFEBD5 /* listHeader.swift */ = {isa = PBXFileReference; fileEncoding = 4; lastKnownFileType = sourcecode.swift; path = listHeader.swift; sourceTree = "<group>"; };
		A77B7EDB2973EFF600CFEBD5 /* listModel.swift */ = {isa = PBXFileReference; fileEncoding = 4; lastKnownFileType = sourcecode.swift; path = listModel.swift; sourceTree = "<group>"; };
		A77B7EE02973EFFC00CFEBD5 /* inGroupList.swift */ = {isa = PBXFileReference; fileEncoding = 4; lastKnownFileType = sourcecode.swift; path = inGroupList.swift; sourceTree = "<group>"; };
		A77B7EE12973EFFC00CFEBD5 /* listOfGroups.swift */ = {isa = PBXFileReference; fileEncoding = 4; lastKnownFileType = sourcecode.swift; path = listOfGroups.swift; sourceTree = "<group>"; };
		A77B7EE52973F00400CFEBD5 /* searchByWordList.swift */ = {isa = PBXFileReference; fileEncoding = 4; lastKnownFileType = sourcecode.swift; path = searchByWordList.swift; sourceTree = "<group>"; };
		A77B7EE72973F01100CFEBD5 /* searchViewsGroup.swift */ = {isa = PBXFileReference; fileEncoding = 4; lastKnownFileType = sourcecode.swift; path = searchViewsGroup.swift; sourceTree = "<group>"; };
		A77B7EE92973F01700CFEBD5 /* enterPoint.swift */ = {isa = PBXFileReference; fileEncoding = 4; lastKnownFileType = sourcecode.swift; path = enterPoint.swift; sourceTree = "<group>"; };
		A77B7EF12973F94E00CFEBD5 /* ru */ = {isa = PBXFileReference; lastKnownFileType = text.plist.strings; name = ru; path = ru.lproj/Localizable.strings; sourceTree = "<group>"; };
		A77B7EF52973F96A00CFEBD5 /* en */ = {isa = PBXFileReference; lastKnownFileType = text.plist.strings; name = en; path = en.lproj/Localizable.strings; sourceTree = "<group>"; };
		A783B43628D1384000059BBD /* reserved.db */ = {isa = PBXFileReference; lastKnownFileType = file; path = reserved.db; sourceTree = "<group>"; };
		A78E381D2813F0680096E2E2 /* myExtensions.swift */ = {isa = PBXFileReference; lastKnownFileType = sourcecode.swift; path = myExtensions.swift; sourceTree = "<group>"; };
		A79A9354284D58F300C0A1AE /* Info.plist */ = {isa = PBXFileReference; lastKnownFileType = text.plist.xml; name = Info.plist; path = /Users/artemisakov/Documents/swiftDia/dia/Info.plist; sourceTree = "<absolute>"; };
		A7A4A45628EC5CCC0032652C /* predictModel.mlpackage */ = {isa = PBXFileReference; lastKnownFileType = folder.mlpackage; path = predictModel.mlpackage; sourceTree = "<group>"; };
		A7BD994627CA46FC0090D9D7 /* helper.swift */ = {isa = PBXFileReference; lastKnownFileType = sourcecode.swift; path = helper.swift; sourceTree = "<group>"; };
		A7CE328829225AF4002D8FB0 /* passwordPage.swift */ = {isa = PBXFileReference; lastKnownFileType = sourcecode.swift; path = passwordPage.swift; sourceTree = "<group>"; };
		A7D097692809FE16000A12E1 /* myButtons.swift */ = {isa = PBXFileReference; lastKnownFileType = sourcecode.swift; path = myButtons.swift; sourceTree = "<group>"; };
		A7D27E012815ADDC00DC00E9 /* PDFManager.swift */ = {isa = PBXFileReference; lastKnownFileType = sourcecode.swift; path = PDFManager.swift; sourceTree = "<group>"; };
		A7DCBBB227BD8AD4009A3A16 /* Launch Screen.storyboard */ = {isa = PBXFileReference; lastKnownFileType = file.storyboard; path = "Launch Screen.storyboard"; sourceTree = "<group>"; };
		A7DCCA4628C63FBA00D104F5 /* foodCategoryItemView.swift */ = {isa = PBXFileReference; lastKnownFileType = sourcecode.swift; path = foodCategoryItemView.swift; sourceTree = "<group>"; };
		A7DCCA4828C6446B00D104F5 /* foodButton.swift */ = {isa = PBXFileReference; lastKnownFileType = sourcecode.swift; path = foodButton.swift; sourceTree = "<group>"; };
		A7DF49C2291A851A007A9371 /* BarsView.swift */ = {isa = PBXFileReference; fileEncoding = 4; lastKnownFileType = sourcecode.swift; path = BarsView.swift; sourceTree = "<group>"; };
		A7DF49C3291A851A007A9371 /* AxisView.swift */ = {isa = PBXFileReference; fileEncoding = 4; lastKnownFileType = sourcecode.swift; path = AxisView.swift; sourceTree = "<group>"; };
		A7DF49C4291A851A007A9371 /* ChartStyle.swift */ = {isa = PBXFileReference; fileEncoding = 4; lastKnownFileType = sourcecode.swift; path = ChartStyle.swift; sourceTree = "<group>"; };
		A7DF49C5291A851A007A9371 /* RandomAccessCollection.swift */ = {isa = PBXFileReference; fileEncoding = 4; lastKnownFileType = sourcecode.swift; path = RandomAccessCollection.swift; sourceTree = "<group>"; };
		A7DF49C6291A851A007A9371 /* LineChartView.swift */ = {isa = PBXFileReference; fileEncoding = 4; lastKnownFileType = sourcecode.swift; path = LineChartView.swift; sourceTree = "<group>"; };
		A7DF49C7291A851A007A9371 /* LineChartShape.swift */ = {isa = PBXFileReference; fileEncoding = 4; lastKnownFileType = sourcecode.swift; path = LineChartShape.swift; sourceTree = "<group>"; };
		A7DF49C8291A851A007A9371 /* Previews.swift */ = {isa = PBXFileReference; fileEncoding = 4; lastKnownFileType = sourcecode.swift; path = Previews.swift; sourceTree = "<group>"; };
		A7DF49C9291A851B007A9371 /* BarChartView.swift */ = {isa = PBXFileReference; fileEncoding = 4; lastKnownFileType = sourcecode.swift; path = BarChartView.swift; sourceTree = "<group>"; };
		A7DF49CA291A851B007A9371 /* LegendView.swift */ = {isa = PBXFileReference; fileEncoding = 4; lastKnownFileType = sourcecode.swift; path = LegendView.swift; sourceTree = "<group>"; };
		A7DF49CB291A851B007A9371 /* StackedHorizontalBarChartView.swift */ = {isa = PBXFileReference; fileEncoding = 4; lastKnownFileType = sourcecode.swift; path = StackedHorizontalBarChartView.swift; sourceTree = "<group>"; };
		A7DF49CC291A851B007A9371 /* ChartGrid.swift */ = {isa = PBXFileReference; fileEncoding = 4; lastKnownFileType = sourcecode.swift; path = ChartGrid.swift; sourceTree = "<group>"; };
		A7DF49CD291A851B007A9371 /* HorizontalBarChartView.swift */ = {isa = PBXFileReference; fileEncoding = 4; lastKnownFileType = sourcecode.swift; path = HorizontalBarChartView.swift; sourceTree = "<group>"; };
		A7DF49CE291A851B007A9371 /* DataPoint.swift */ = {isa = PBXFileReference; fileEncoding = 4; lastKnownFileType = sourcecode.swift; path = DataPoint.swift; sourceTree = "<group>"; };
		A7DF49CF291A851B007A9371 /* LabelsView.swift */ = {isa = PBXFileReference; fileEncoding = 4; lastKnownFileType = sourcecode.swift; path = LabelsView.swift; sourceTree = "<group>"; };
		A7DF49DF291A85D9007A9371 /* details.swift */ = {isa = PBXFileReference; lastKnownFileType = sourcecode.swift; path = details.swift; sourceTree = "<group>"; };
		A7F4486A291EB5AD00A4B379 /* loginPage.swift */ = {isa = PBXFileReference; lastKnownFileType = sourcecode.swift; path = loginPage.swift; sourceTree = "<group>"; };
		A7F8A596288ED30100C13F36 /* Education.pdf */ = {isa = PBXFileReference; lastKnownFileType = image.pdf; path = Education.pdf; sourceTree = "<group>"; };
		A7FBB23A27FC257D00828432 /* regHelper.swift */ = {isa = PBXFileReference; lastKnownFileType = sourcecode.swift; path = regHelper.swift; sourceTree = "<group>"; };
		AC26031C2690691E00C4A520 /* dia.app */ = {isa = PBXFileReference; explicitFileType = wrapper.application; includeInIndex = 0; path = dia.app; sourceTree = BUILT_PRODUCTS_DIR; };
		AC26031F2690691E00C4A520 /* diaApp.swift */ = {isa = PBXFileReference; lastKnownFileType = sourcecode.swift; path = diaApp.swift; sourceTree = "<group>"; };
		AC2603212690691E00C4A520 /* mainPage.swift */ = {isa = PBXFileReference; lastKnownFileType = sourcecode.swift; path = mainPage.swift; sourceTree = "<group>"; };
		AC2603232690691F00C4A520 /* Assets.xcassets */ = {isa = PBXFileReference; lastKnownFileType = folder.assetcatalog; path = Assets.xcassets; sourceTree = "<group>"; };
		AC2603262690691F00C4A520 /* Preview Assets.xcassets */ = {isa = PBXFileReference; lastKnownFileType = folder.assetcatalog; path = "Preview Assets.xcassets"; sourceTree = "<group>"; };
		AC2C506027289C360009E8EE /* poldny.swift */ = {isa = PBXFileReference; lastKnownFileType = sourcecode.swift; path = poldny.swift; sourceTree = "<group>"; };
		AC2D32E1273594630022AFD9 /* addFoodButton.swift */ = {isa = PBXFileReference; lastKnownFileType = sourcecode.swift; path = addFoodButton.swift; sourceTree = "<group>"; };
		AC2D32E327359EC50022AFD9 /* diaryManager.swift */ = {isa = PBXFileReference; lastKnownFileType = sourcecode.swift; path = diaryManager.swift; sourceTree = "<group>"; };
		AC32A68127260081001DDB9F /* pid.swift */ = {isa = PBXFileReference; lastKnownFileType = sourcecode.swift; path = pid.swift; sourceTree = "<group>"; };
		AC32A68327260602001DDB9F /* pWeight.swift */ = {isa = PBXFileReference; lastKnownFileType = sourcecode.swift; path = pWeight.swift; sourceTree = "<group>"; };
		AC32A6852726060D001DDB9F /* pHeight.swift */ = {isa = PBXFileReference; lastKnownFileType = sourcecode.swift; path = pHeight.swift; sourceTree = "<group>"; };
		AC37A67A276147AF00558E55 /* excelGenerator.swift */ = {isa = PBXFileReference; lastKnownFileType = sourcecode.swift; path = excelGenerator.swift; sourceTree = "<group>"; };
		AC3B847426EBA1F200E98681 /* ketonur.swift */ = {isa = PBXFileReference; lastKnownFileType = sourcecode.swift; path = ketonur.swift; sourceTree = "<group>"; };
		AC3C959A26D1B570005B1393 /* enterFood.swift */ = {isa = PBXFileReference; lastKnownFileType = sourcecode.swift; path = enterFood.swift; sourceTree = "<group>"; };
		AC631E0E26CEA90D0033CCFF /* ModalView.swift */ = {isa = PBXFileReference; lastKnownFileType = sourcecode.swift; path = ModalView.swift; sourceTree = "<group>"; };
		AC6327012751012C00C25E23 /* historyManager.swift */ = {isa = PBXFileReference; lastKnownFileType = sourcecode.swift; path = historyManager.swift; sourceTree = "<group>"; };
		AC71760527204582000376FD /* currentV.swift */ = {isa = PBXFileReference; lastKnownFileType = sourcecode.swift; path = currentV.swift; sourceTree = "<group>"; };
		AC71760727209863000376FD /* diacompanion.db */ = {isa = PBXFileReference; lastKnownFileType = file; path = diacompanion.db; sourceTree = "<group>"; };
		AC7A53F626DBF77B00FE65E7 /* enterAct.swift */ = {isa = PBXFileReference; lastKnownFileType = sourcecode.swift; path = enterAct.swift; sourceTree = "<group>"; };
		ACC3798526ECFA7E00E0729E /* massa.swift */ = {isa = PBXFileReference; lastKnownFileType = sourcecode.swift; path = massa.swift; sourceTree = "<group>"; };
		ACCBA995272B1DA300D785F6 /* RKViewController.swift */ = {isa = PBXFileReference; fileEncoding = 4; lastKnownFileType = sourcecode.swift; path = RKViewController.swift; sourceTree = "<group>"; };
		ACCC5C2D2702190B0057CA7C /* pacientManager.swift */ = {isa = PBXFileReference; lastKnownFileType = sourcecode.swift; path = pacientManager.swift; sourceTree = "<group>"; };
		ACD86E8026DE820B0027B8ED /* sugarChange.swift */ = {isa = PBXFileReference; lastKnownFileType = sourcecode.swift; path = sugarChange.swift; sourceTree = "<group>"; };
		ACEDB47C2721A19400DBB67C /* dStart.swift */ = {isa = PBXFileReference; lastKnownFileType = sourcecode.swift; path = dStart.swift; sourceTree = "<group>"; };
		ACEDB47E2721A7E400DBB67C /* bday.swift */ = {isa = PBXFileReference; lastKnownFileType = sourcecode.swift; path = bday.swift; sourceTree = "<group>"; };
		ACEDB4802721AA7F00DBB67C /* fio.swift */ = {isa = PBXFileReference; lastKnownFileType = sourcecode.swift; path = fio.swift; sourceTree = "<group>"; };
		ACEDB4822721BD0600DBB67C /* weekS.swift */ = {isa = PBXFileReference; lastKnownFileType = sourcecode.swift; path = weekS.swift; sourceTree = "<group>"; };
		ACF2F0A726DE9A1D0066753D /* inject.swift */ = {isa = PBXFileReference; lastKnownFileType = sourcecode.swift; path = inject.swift; sourceTree = "<group>"; };
		ACF2F0A926DEA8300066753D /* history.swift */ = {isa = PBXFileReference; lastKnownFileType = sourcecode.swift; path = history.swift; sourceTree = "<group>"; };
		ACF4E407272DB126002D2797 /* RKManager.swift */ = {isa = PBXFileReference; fileEncoding = 4; lastKnownFileType = sourcecode.swift; path = RKManager.swift; sourceTree = "<group>"; };
		ACF4E408272DB126002D2797 /* RKWeekdayHeader.swift */ = {isa = PBXFileReference; fileEncoding = 4; lastKnownFileType = sourcecode.swift; path = RKWeekdayHeader.swift; sourceTree = "<group>"; };
		ACF4E409272DB126002D2797 /* RKMonth.swift */ = {isa = PBXFileReference; fileEncoding = 4; lastKnownFileType = sourcecode.swift; path = RKMonth.swift; sourceTree = "<group>"; };
		ACF4E40A272DB126002D2797 /* RKCell.swift */ = {isa = PBXFileReference; fileEncoding = 4; lastKnownFileType = sourcecode.swift; path = RKCell.swift; sourceTree = "<group>"; };
		ACF4E40B272DB126002D2797 /* RKColorSettings.swift */ = {isa = PBXFileReference; fileEncoding = 4; lastKnownFileType = sourcecode.swift; path = RKColorSettings.swift; sourceTree = "<group>"; };
		ACF4E40C272DB126002D2797 /* RKDate.swift */ = {isa = PBXFileReference; fileEncoding = 4; lastKnownFileType = sourcecode.swift; path = RKDate.swift; sourceTree = "<group>"; };
		ACF7E7C22736F12C0027DD11 /* addSreenView.swift */ = {isa = PBXFileReference; lastKnownFileType = sourcecode.swift; path = addSreenView.swift; sourceTree = "<group>"; };
		D9CF9E9E4A8A53525B5C38B0 /* Pods-dia.release.xcconfig */ = {isa = PBXFileReference; includeInIndex = 1; lastKnownFileType = text.xcconfig; name = "Pods-dia.release.xcconfig"; path = "Target Support Files/Pods-dia/Pods-dia.release.xcconfig"; sourceTree = "<group>"; };
/* End PBXFileReference section */

/* Begin PBXFrameworksBuildPhase section */
		AC2603192690691E00C4A520 /* Frameworks */ = {
			isa = PBXFrameworksBuildPhase;
			buildActionMask = 2147483647;
			files = (
				B6912DAD4F48C528A582AA10 /* Pods_dia.framework in Frameworks */,
			);
			runOnlyForDeploymentPostprocessing = 0;
		};
/* End PBXFrameworksBuildPhase section */

/* Begin PBXGroup section */
		13C4373BC6F7F4C1D646F05D /* Frameworks */ = {
			isa = PBXGroup;
			children = (
				6C02743FFD40C5E72C5C050B /* Pods_dia.framework */,
			);
			name = Frameworks;
			sourceTree = "<group>";
		};
		A77B7ECB2973EF6600CFEBD5 /* searchingViews */ = {
			isa = PBXGroup;
			children = (
				A77B7EE92973F01700CFEBD5 /* enterPoint.swift */,
				A77B7EE72973F01100CFEBD5 /* searchViewsGroup.swift */,
				A77B7EE42973F00400CFEBD5 /* searchByWord */,
				A77B7EDF2973EFFC00CFEBD5 /* searchByCategory */,
				A77B7EDA2973EFF600CFEBD5 /* Model */,
				A77B7ED12973EFEA00CFEBD5 /* Components */,
			);
			path = searchingViews;
			sourceTree = "<group>";
		};
		A77B7ED12973EFEA00CFEBD5 /* Components */ = {
			isa = PBXGroup;
			children = (
				A77B7ED22973EFEA00CFEBD5 /* addGramButton.swift */,
				A77B7ED32973EFEA00CFEBD5 /* listRow.swift */,
				A77B7ED42973EFEA00CFEBD5 /* succesNotify.swift */,
				A77B7ED52973EFEA00CFEBD5 /* listHeader.swift */,
			);
			path = Components;
			sourceTree = "<group>";
		};
		A77B7EDA2973EFF600CFEBD5 /* Model */ = {
			isa = PBXGroup;
			children = (
				A77B7EDB2973EFF600CFEBD5 /* listModel.swift */,
			);
			path = Model;
			sourceTree = "<group>";
		};
		A77B7EDF2973EFFC00CFEBD5 /* searchByCategory */ = {
			isa = PBXGroup;
			children = (
				A77B7EE02973EFFC00CFEBD5 /* inGroupList.swift */,
				A77B7EE12973EFFC00CFEBD5 /* listOfGroups.swift */,
			);
			path = searchByCategory;
			sourceTree = "<group>";
		};
		A77B7EE42973F00400CFEBD5 /* searchByWord */ = {
			isa = PBXGroup;
			children = (
				A77B7EE52973F00400CFEBD5 /* searchByWordList.swift */,
			);
			path = searchByWord;
			sourceTree = "<group>";
		};
		A78EA622291D1B6500B2CDD2 /* PacientDetails */ = {
			isa = PBXGroup;
			children = (
				ACCC5C2D2702190B0057CA7C /* pacientManager.swift */,
				AC32A68127260081001DDB9F /* pid.swift */,
				AC32A6852726060D001DDB9F /* pHeight.swift */,
				AC32A68327260602001DDB9F /* pWeight.swift */,
				ACEDB4822721BD0600DBB67C /* weekS.swift */,
				ACEDB47E2721A7E400DBB67C /* bday.swift */,
				AC71760527204582000376FD /* currentV.swift */,
				ACEDB47C2721A19400DBB67C /* dStart.swift */,
				ACEDB4802721AA7F00DBB67C /* fio.swift */,
			);
			path = PacientDetails;
			sourceTree = "<group>";
		};
		A78EA623291D1BA800B2CDD2 /* Additional */ = {
			isa = PBXGroup;
			children = (
				A7F8A596288ED30100C13F36 /* Education.pdf */,
				A7D27E012815ADDC00DC00E9 /* PDFManager.swift */,
				AC631E0E26CEA90D0033CCFF /* ModalView.swift */,
				A7289FB3294F530A00B35BD3 /* aboutApp.swift */,
				AC3B847426EBA1F200E98681 /* ketonur.swift */,
				ACC3798526ECFA7E00E0729E /* massa.swift */,
				AC2C506027289C360009E8EE /* poldny.swift */,
				A7BD994627CA46FC0090D9D7 /* helper.swift */,
				A78EA622291D1B6500B2CDD2 /* PacientDetails */,
			);
			path = Additional;
			sourceTree = "<group>";
		};
		A78EA624291D1BFD00B2CDD2 /* EnterFood */ = {
			isa = PBXGroup;
			children = (
				AC3C959A26D1B570005B1393 /* enterFood.swift */,
				A73DAF3B28BFDA9E00995E66 /* editScreenView.swift */,
				ACF7E7C22736F12C0027DD11 /* addSreenView.swift */,
				AC2D32E1273594630022AFD9 /* addFoodButton.swift */,
				A7DCCA4628C63FBA00D104F5 /* foodCategoryItemView.swift */,
				A770675728A459F800457195 /* savedNotice.swift */,
				A73C74F528CF2BF2008D09BF /* addCustomMeal.swift */,
				A7DCCA4828C6446B00D104F5 /* foodButton.swift */,
			);
			path = EnterFood;
			sourceTree = "<group>";
		};
		A78EA625291D1C8500B2CDD2 /* Prediction */ = {
			isa = PBXGroup;
			children = (
				A7A4A45628EC5CCC0032652C /* predictModel.mlpackage */,
				A71CAEF128280F7600C6AC9F /* predictManager.swift */,
				A70FC0FA28AA969E00E154DB /* recommendationMesssage.swift */,
			);
			path = Prediction;
			sourceTree = "<group>";
		};
		A78EA626291D1CAC00B2CDD2 /* Excel */ = {
			isa = PBXGroup;
			children = (
				AC37A67A276147AF00558E55 /* excelGenerator.swift */,
				A7230C7E27705AED00B68244 /* excelManager.swift */,
			);
			path = Excel;
			sourceTree = "<group>";
		};
		A78EA627291D1CCC00B2CDD2 /* Registration */ = {
			isa = PBXGroup;
			children = (
				A74A1CC128B1016C0038C79F /* startPage.swift */,
				A7CE328829225AF4002D8FB0 /* passwordPage.swift */,
				A77714FF28D71931005C5793 /* versionChoose.swift */,
				A7FBB23A27FC257D00828432 /* regHelper.swift */,
				A7F4486A291EB5AD00A4B379 /* loginPage.swift */,
				A70BCC3927B9471E00C22703 /* loginManager.swift */,
			);
			path = Registration;
			sourceTree = "<group>";
		};
		A78EA628291D1D0000B2CDD2 /* History */ = {
			isa = PBXGroup;
			children = (
				ACF2F0A926DEA8300066753D /* history.swift */,
				A767CC7E2944C0BE0093A979 /* giIndicator.swift */,
				AC6327012751012C00C25E23 /* historyManager.swift */,
				A7DF49DF291A85D9007A9371 /* details.swift */,
			);
			path = History;
			sourceTree = "<group>";
		};
		A78EA629291D1D1600B2CDD2 /* Export */ = {
			isa = PBXGroup;
			children = (
				A706DA7F2843864A00473941 /* emailSender.swift */,
				A706DA812843867800473941 /* export.swift */,
			);
			path = Export;
			sourceTree = "<group>";
		};
		A78EA62A291D1D3A00B2CDD2 /* Diary */ = {
			isa = PBXGroup;
			children = (
				AC2603212690691E00C4A520 /* mainPage.swift */,
				ACF2F0A726DE9A1D0066753D /* inject.swift */,
				AC7A53F626DBF77B00FE65E7 /* enterAct.swift */,
				ACD86E8026DE820B0027B8ED /* sugarChange.swift */,
				AC2D32E327359EC50022AFD9 /* diaryManager.swift */,
				A78EA628291D1D0000B2CDD2 /* History */,
				A78EA624291D1BFD00B2CDD2 /* EnterFood */,
			);
			path = Diary;
			sourceTree = "<group>";
		};
		A78EA62B291D1DC100B2CDD2 /* Extensions */ = {
			isa = PBXGroup;
			children = (
				A78E381D2813F0680096E2E2 /* myExtensions.swift */,
				A7D097692809FE16000A12E1 /* myButtons.swift */,
				A7DF49DE291A8539007A9371 /* RKCalendar */,
				A7DF49C1291A84B2007A9371 /* Charts */,
			);
			path = Extensions;
			sourceTree = "<group>";
		};
		A7DF49C1291A84B2007A9371 /* Charts */ = {
			isa = PBXGroup;
			children = (
				A7DF49C3291A851A007A9371 /* AxisView.swift */,
				A7DF49C9291A851B007A9371 /* BarChartView.swift */,
				A7DF49C2291A851A007A9371 /* BarsView.swift */,
				A7DF49CC291A851B007A9371 /* ChartGrid.swift */,
				A7DF49C4291A851A007A9371 /* ChartStyle.swift */,
				A7DF49CE291A851B007A9371 /* DataPoint.swift */,
				A7DF49CD291A851B007A9371 /* HorizontalBarChartView.swift */,
				A7DF49CF291A851B007A9371 /* LabelsView.swift */,
				A7DF49CA291A851B007A9371 /* LegendView.swift */,
				A7DF49C7291A851A007A9371 /* LineChartShape.swift */,
				A7DF49C6291A851A007A9371 /* LineChartView.swift */,
				A7DF49C8291A851A007A9371 /* Previews.swift */,
				A7DF49C5291A851A007A9371 /* RandomAccessCollection.swift */,
				A7DF49CB291A851B007A9371 /* StackedHorizontalBarChartView.swift */,
			);
			path = Charts;
			sourceTree = "<group>";
		};
		A7DF49DE291A8539007A9371 /* RKCalendar */ = {
			isa = PBXGroup;
			children = (
				ACCBA995272B1DA300D785F6 /* RKViewController.swift */,
				ACF4E40A272DB126002D2797 /* RKCell.swift */,
				ACF4E40C272DB126002D2797 /* RKDate.swift */,
				ACF4E40B272DB126002D2797 /* RKColorSettings.swift */,
				ACF4E407272DB126002D2797 /* RKManager.swift */,
				ACF4E408272DB126002D2797 /* RKWeekdayHeader.swift */,
				ACF4E409272DB126002D2797 /* RKMonth.swift */,
			);
			path = RKCalendar;
			sourceTree = "<group>";
		};
		AC2603132690691E00C4A520 = {
			isa = PBXGroup;
			children = (
				A77B7EF22973F94E00CFEBD5 /* Localizable.strings */,
				AC26031E2690691E00C4A520 /* dia */,
				AC26031D2690691E00C4A520 /* Products */,
				C0D553CA378A488FD7608214 /* Pods */,
				13C4373BC6F7F4C1D646F05D /* Frameworks */,
			);
			sourceTree = "<group>";
		};
		AC26031D2690691E00C4A520 /* Products */ = {
			isa = PBXGroup;
			children = (
				AC26031C2690691E00C4A520 /* dia.app */,
			);
			name = Products;
			sourceTree = "<group>";
		};
		AC26031E2690691E00C4A520 /* dia */ = {
			isa = PBXGroup;
			children = (
				AC26031F2690691E00C4A520 /* diaApp.swift */,
				A77B7ECB2973EF6600CFEBD5 /* searchingViews */,
				A78EA62B291D1DC100B2CDD2 /* Extensions */,
				A78EA625291D1C8500B2CDD2 /* Prediction */,
				A78EA627291D1CCC00B2CDD2 /* Registration */,
				A78EA626291D1CAC00B2CDD2 /* Excel */,
				A78EA62A291D1D3A00B2CDD2 /* Diary */,
				A78EA629291D1D1600B2CDD2 /* Export */,
				A78EA623291D1BA800B2CDD2 /* Additional */,
				AC2603232690691F00C4A520 /* Assets.xcassets */,
				AC71760727209863000376FD /* diacompanion.db */,
				A783B43628D1384000059BBD /* reserved.db */,
				A7DCBBB227BD8AD4009A3A16 /* Launch Screen.storyboard */,
				A79A9354284D58F300C0A1AE /* Info.plist */,
				AC2603252690691F00C4A520 /* Preview Content */,
			);
			path = dia;
			sourceTree = "<group>";
		};
		AC2603252690691F00C4A520 /* Preview Content */ = {
			isa = PBXGroup;
			children = (
				AC2603262690691F00C4A520 /* Preview Assets.xcassets */,
			);
			path = "Preview Content";
			sourceTree = "<group>";
		};
		C0D553CA378A488FD7608214 /* Pods */ = {
			isa = PBXGroup;
			children = (
				A316D5BECBE459250AC4A311 /* Pods-dia.debug.xcconfig */,
				D9CF9E9E4A8A53525B5C38B0 /* Pods-dia.release.xcconfig */,
			);
			path = Pods;
			sourceTree = "<group>";
		};
/* End PBXGroup section */

/* Begin PBXNativeTarget section */
		AC26031B2690691E00C4A520 /* dia */ = {
			isa = PBXNativeTarget;
			buildConfigurationList = AC26032B2690691F00C4A520 /* Build configuration list for PBXNativeTarget "dia" */;
			buildPhases = (
				FDFE39D307C5692F332292F6 /* [CP] Check Pods Manifest.lock */,
				AC2603182690691E00C4A520 /* Sources */,
				AC2603192690691E00C4A520 /* Frameworks */,
				AC26031A2690691E00C4A520 /* Resources */,
				9EF3E0E76E863B9BFA4C5F44 /* [CP] Embed Pods Frameworks */,
			);
			buildRules = (
			);
			dependencies = (
			);
			name = dia;
			productName = dia;
			productReference = AC26031C2690691E00C4A520 /* dia.app */;
			productType = "com.apple.product-type.application";
		};
/* End PBXNativeTarget section */

/* Begin PBXProject section */
		AC2603142690691E00C4A520 /* Project object */ = {
			isa = PBXProject;
			attributes = {
				LastSwiftUpdateCheck = 1250;
				LastUpgradeCheck = 1300;
				TargetAttributes = {
					AC26031B2690691E00C4A520 = {
						CreatedOnToolsVersion = 12.5.1;
						LastSwiftMigration = 1310;
					};
				};
			};
			buildConfigurationList = AC2603172690691E00C4A520 /* Build configuration list for PBXProject "dia" */;
			compatibilityVersion = "Xcode 9.3";
			developmentRegion = ru;
			hasScannedForEncodings = 0;
			knownRegions = (
				ru,
				Base,
				en,
			);
			mainGroup = AC2603132690691E00C4A520;
			productRefGroup = AC26031D2690691E00C4A520 /* Products */;
			projectDirPath = "";
			projectRoot = "";
			targets = (
				AC26031B2690691E00C4A520 /* dia */,
			);
		};
/* End PBXProject section */

/* Begin PBXResourcesBuildPhase section */
		AC26031A2690691E00C4A520 /* Resources */ = {
			isa = PBXResourcesBuildPhase;
			buildActionMask = 2147483647;
			files = (
				A783B43728D1384000059BBD /* reserved.db in Resources */,
				A7F8A597288ED30100C13F36 /* Education.pdf in Resources */,
				AC2603242690691F00C4A520 /* Assets.xcassets in Resources */,
				A77B7EF02973F94E00CFEBD5 /* Localizable.strings in Resources */,
				AC2603272690691F00C4A520 /* Preview Assets.xcassets in Resources */,
				AC71760827209863000376FD /* diacompanion.db in Resources */,
				A7DCBBB327BD8AD4009A3A16 /* Launch Screen.storyboard in Resources */,
			);
			runOnlyForDeploymentPostprocessing = 0;
		};
/* End PBXResourcesBuildPhase section */

/* Begin PBXShellScriptBuildPhase section */
		9EF3E0E76E863B9BFA4C5F44 /* [CP] Embed Pods Frameworks */ = {
			isa = PBXShellScriptBuildPhase;
			buildActionMask = 2147483647;
			files = (
			);
			inputFileListPaths = (
				"${PODS_ROOT}/Target Support Files/Pods-dia/Pods-dia-frameworks-${CONFIGURATION}-input-files.xcfilelist",
			);
			name = "[CP] Embed Pods Frameworks";
			outputFileListPaths = (
				"${PODS_ROOT}/Target Support Files/Pods-dia/Pods-dia-frameworks-${CONFIGURATION}-output-files.xcfilelist",
			);
			runOnlyForDeploymentPostprocessing = 0;
			shellPath = /bin/sh;
			shellScript = "\"${PODS_ROOT}/Target Support Files/Pods-dia/Pods-dia-frameworks.sh\"\n";
			showEnvVarsInLog = 0;
		};
		FDFE39D307C5692F332292F6 /* [CP] Check Pods Manifest.lock */ = {
			isa = PBXShellScriptBuildPhase;
			buildActionMask = 2147483647;
			files = (
			);
			inputFileListPaths = (
			);
			inputPaths = (
				"${PODS_PODFILE_DIR_PATH}/Podfile.lock",
				"${PODS_ROOT}/Manifest.lock",
			);
			name = "[CP] Check Pods Manifest.lock";
			outputFileListPaths = (
			);
			outputPaths = (
				"$(DERIVED_FILE_DIR)/Pods-dia-checkManifestLockResult.txt",
			);
			runOnlyForDeploymentPostprocessing = 0;
			shellPath = /bin/sh;
			shellScript = "diff \"${PODS_PODFILE_DIR_PATH}/Podfile.lock\" \"${PODS_ROOT}/Manifest.lock\" > /dev/null\nif [ $? != 0 ] ; then\n    # print error to STDERR\n    echo \"error: The sandbox is not in sync with the Podfile.lock. Run 'pod install' or update your CocoaPods installation.\" >&2\n    exit 1\nfi\n# This output is used by Xcode 'outputs' to avoid re-running this script phase.\necho \"SUCCESS\" > \"${SCRIPT_OUTPUT_FILE_0}\"\n";
			showEnvVarsInLog = 0;
		};
/* End PBXShellScriptBuildPhase section */

/* Begin PBXSourcesBuildPhase section */
		AC2603182690691E00C4A520 /* Sources */ = {
			isa = PBXSourcesBuildPhase;
			buildActionMask = 2147483647;
			files = (
				ACF4E410272DB126002D2797 /* RKMonth.swift in Sources */,
				A7CE328929225AF4002D8FB0 /* passwordPage.swift in Sources */,
				AC37A67B276147AF00558E55 /* excelGenerator.swift in Sources */,
				A7A4A45728EC5CCC0032652C /* predictModel.mlpackage in Sources */,
				A7DF49DB291A851B007A9371 /* HorizontalBarChartView.swift in Sources */,
				A73C74F628CF2BF2008D09BF /* addCustomMeal.swift in Sources */,
				A73DAF3C28BFDA9E00995E66 /* editScreenView.swift in Sources */,
				A770675828A459F800457195 /* savedNotice.swift in Sources */,
				ACCBA996272B1DA300D785F6 /* RKViewController.swift in Sources */,
				AC631E0F26CEA90D0033CCFF /* ModalView.swift in Sources */,
				ACF4E40E272DB126002D2797 /* RKManager.swift in Sources */,
				ACF4E412272DB126002D2797 /* RKColorSettings.swift in Sources */,
				ACEDB4832721BD0600DBB67C /* weekS.swift in Sources */,
				A77B7EDD2973EFF600CFEBD5 /* listModel.swift in Sources */,
				AC7A53F726DBF77B00FE65E7 /* enterAct.swift in Sources */,
				AC2D32E427359EC50022AFD9 /* diaryManager.swift in Sources */,
				A7DF49D2291A851B007A9371 /* ChartStyle.swift in Sources */,
				A77B7EEA2973F01700CFEBD5 /* enterPoint.swift in Sources */,
				A77B7EE82973F01100CFEBD5 /* searchViewsGroup.swift in Sources */,
				A7DF49D6291A851B007A9371 /* Previews.swift in Sources */,
				A7DF49D4291A851B007A9371 /* LineChartView.swift in Sources */,
				A70BCC3A27B9471E00C22703 /* loginManager.swift in Sources */,
				A7DF49D8291A851B007A9371 /* LegendView.swift in Sources */,
				AC2603222690691E00C4A520 /* mainPage.swift in Sources */,
				ACD86E8126DE820B0027B8ED /* sugarChange.swift in Sources */,
				A77B7EE32973EFFC00CFEBD5 /* listOfGroups.swift in Sources */,
				ACF2F0AA26DEA8300066753D /* history.swift in Sources */,
				ACCC5C2E2702190B0057CA7C /* pacientManager.swift in Sources */,
				AC32A68427260602001DDB9F /* pWeight.swift in Sources */,
				A7DF49DA291A851B007A9371 /* ChartGrid.swift in Sources */,
				A7DF49D0291A851B007A9371 /* BarsView.swift in Sources */,
				A7D0976A2809FE16000A12E1 /* myButtons.swift in Sources */,
				A77B7ED72973EFEA00CFEBD5 /* listRow.swift in Sources */,
				A7DF49D3291A851B007A9371 /* RandomAccessCollection.swift in Sources */,
				ACF7E7C32736F12C0027DD11 /* addSreenView.swift in Sources */,
				ACF2F0A826DE9A1D0066753D /* inject.swift in Sources */,
				ACC3798626ECFA7E00E0729E /* massa.swift in Sources */,
				A77B7EE62973F00400CFEBD5 /* searchByWordList.swift in Sources */,
				A7230C7F27705AED00B68244 /* excelManager.swift in Sources */,
				A77B7ED82973EFEA00CFEBD5 /* succesNotify.swift in Sources */,
				A77B7ED62973EFEA00CFEBD5 /* addGramButton.swift in Sources */,
				AC2D32E2273594630022AFD9 /* addFoodButton.swift in Sources */,
				A7DF49E0291A85D9007A9371 /* details.swift in Sources */,
				A77B7ED92973EFEA00CFEBD5 /* listHeader.swift in Sources */,
				ACF4E40F272DB126002D2797 /* RKWeekdayHeader.swift in Sources */,
				A7DCCA4728C63FBA00D104F5 /* foodCategoryItemView.swift in Sources */,
				ACEDB47D2721A19400DBB67C /* dStart.swift in Sources */,
				A78E381E2813F0680096E2E2 /* myExtensions.swift in Sources */,
				AC71760627204582000376FD /* currentV.swift in Sources */,
				A7289FB4294F530A00B35BD3 /* aboutApp.swift in Sources */,
				ACF4E413272DB126002D2797 /* RKDate.swift in Sources */,
				AC2C506127289C360009E8EE /* poldny.swift in Sources */,
				AC2603202690691E00C4A520 /* diaApp.swift in Sources */,
				A777150028D71931005C5793 /* versionChoose.swift in Sources */,
				A706DA802843864A00473941 /* emailSender.swift in Sources */,
				A7F4486B291EB5AD00A4B379 /* loginPage.swift in Sources */,
				AC6327022751012C00C25E23 /* historyManager.swift in Sources */,
				A77B7EE22973EFFC00CFEBD5 /* inGroupList.swift in Sources */,
				AC32A68227260081001DDB9F /* pid.swift in Sources */,
				A7D27E022815ADDC00DC00E9 /* PDFManager.swift in Sources */,
				A7DF49D5291A851B007A9371 /* LineChartShape.swift in Sources */,
				ACEDB4812721AA7F00DBB67C /* fio.swift in Sources */,
				A74A1CC228B1016C0038C79F /* startPage.swift in Sources */,
				A7DF49DD291A851B007A9371 /* LabelsView.swift in Sources */,
				A7FBB23B27FC257D00828432 /* regHelper.swift in Sources */,
				A7DF49D7291A851B007A9371 /* BarChartView.swift in Sources */,
				ACF4E411272DB126002D2797 /* RKCell.swift in Sources */,
				A7DF49DC291A851B007A9371 /* DataPoint.swift in Sources */,
				A7DF49D1291A851B007A9371 /* AxisView.swift in Sources */,
				A706DA822843867800473941 /* export.swift in Sources */,
				A70FC0FB28AA969E00E154DB /* recommendationMesssage.swift in Sources */,
				A767CC7F2944C0BE0093A979 /* giIndicator.swift in Sources */,
				AC32A6862726060D001DDB9F /* pHeight.swift in Sources */,
				AC3B847526EBA1F200E98681 /* ketonur.swift in Sources */,
				A7BD994727CA46FC0090D9D7 /* helper.swift in Sources */,
				A71CAEF228280F7600C6AC9F /* predictManager.swift in Sources */,
				A7DCCA4928C6446B00D104F5 /* foodButton.swift in Sources */,
				ACEDB47F2721A7E400DBB67C /* bday.swift in Sources */,
				AC3C959B26D1B570005B1393 /* enterFood.swift in Sources */,
				A7DF49D9291A851B007A9371 /* StackedHorizontalBarChartView.swift in Sources */,
			);
			runOnlyForDeploymentPostprocessing = 0;
		};
/* End PBXSourcesBuildPhase section */

/* Begin PBXVariantGroup section */
		A77B7EF22973F94E00CFEBD5 /* Localizable.strings */ = {
			isa = PBXVariantGroup;
			children = (
				A77B7EF12973F94E00CFEBD5 /* ru */,
				A77B7EF52973F96A00CFEBD5 /* en */,
			);
			name = Localizable.strings;
			sourceTree = "<group>";
		};
/* End PBXVariantGroup section */

/* Begin XCBuildConfiguration section */
		AC2603292690691F00C4A520 /* Debug */ = {
			isa = XCBuildConfiguration;
			buildSettings = {
				ALWAYS_SEARCH_USER_PATHS = NO;
				CLANG_ANALYZER_LOCALIZABILITY_NONLOCALIZED = YES;
				CLANG_ANALYZER_NONNULL = YES;
				CLANG_ANALYZER_NUMBER_OBJECT_CONVERSION = YES_AGGRESSIVE;
				CLANG_CXX_LANGUAGE_STANDARD = "gnu++14";
				CLANG_CXX_LIBRARY = "libc++";
				CLANG_ENABLE_MODULES = YES;
				CLANG_ENABLE_OBJC_ARC = YES;
				CLANG_ENABLE_OBJC_WEAK = YES;
				CLANG_WARN_BLOCK_CAPTURE_AUTORELEASING = YES;
				CLANG_WARN_BOOL_CONVERSION = YES;
				CLANG_WARN_COMMA = YES;
				CLANG_WARN_CONSTANT_CONVERSION = YES;
				CLANG_WARN_DEPRECATED_OBJC_IMPLEMENTATIONS = YES;
				CLANG_WARN_DIRECT_OBJC_ISA_USAGE = YES_ERROR;
				CLANG_WARN_DOCUMENTATION_COMMENTS = YES;
				CLANG_WARN_EMPTY_BODY = YES;
				CLANG_WARN_ENUM_CONVERSION = YES;
				CLANG_WARN_INFINITE_RECURSION = YES;
				CLANG_WARN_INT_CONVERSION = YES;
				CLANG_WARN_NON_LITERAL_NULL_CONVERSION = YES;
				CLANG_WARN_OBJC_IMPLICIT_RETAIN_SELF = YES;
				CLANG_WARN_OBJC_LITERAL_CONVERSION = YES;
				CLANG_WARN_OBJC_ROOT_CLASS = YES_ERROR;
				CLANG_WARN_QUOTED_INCLUDE_IN_FRAMEWORK_HEADER = YES;
				CLANG_WARN_RANGE_LOOP_ANALYSIS = YES;
				CLANG_WARN_STRICT_PROTOTYPES = YES;
				CLANG_WARN_SUSPICIOUS_MOVE = YES;
				CLANG_WARN_UNGUARDED_AVAILABILITY = YES_AGGRESSIVE;
				CLANG_WARN_UNREACHABLE_CODE = YES;
				CLANG_WARN__DUPLICATE_METHOD_MATCH = YES;
				COPY_PHASE_STRIP = NO;
				DEBUG_INFORMATION_FORMAT = dwarf;
				ENABLE_BITCODE = NO;
				ENABLE_STRICT_OBJC_MSGSEND = YES;
				ENABLE_TESTABILITY = YES;
				GCC_C_LANGUAGE_STANDARD = gnu11;
				GCC_DYNAMIC_NO_PIC = NO;
				GCC_NO_COMMON_BLOCKS = YES;
				GCC_OPTIMIZATION_LEVEL = 0;
				GCC_PREPROCESSOR_DEFINITIONS = (
					"DEBUG=1",
					"$(inherited)",
				);
				GCC_WARN_64_TO_32_BIT_CONVERSION = YES;
				GCC_WARN_ABOUT_RETURN_TYPE = YES_ERROR;
				GCC_WARN_UNDECLARED_SELECTOR = YES;
				GCC_WARN_UNINITIALIZED_AUTOS = YES_AGGRESSIVE;
				GCC_WARN_UNUSED_FUNCTION = YES;
				GCC_WARN_UNUSED_VARIABLE = YES;
				IPHONEOS_DEPLOYMENT_TARGET = 15.0;
				KEEP_PRIVATE_EXTERNS = YES;
				MTL_ENABLE_DEBUG_INFO = INCLUDE_SOURCE;
				MTL_FAST_MATH = YES;
				ONLY_ACTIVE_ARCH = YES;
				SDKROOT = iphoneos;
				SWIFT_ACTIVE_COMPILATION_CONDITIONS = DEBUG;
				SWIFT_OPTIMIZATION_LEVEL = "-Onone";
			};
			name = Debug;
		};
		AC26032A2690691F00C4A520 /* Release */ = {
			isa = XCBuildConfiguration;
			buildSettings = {
				ALWAYS_SEARCH_USER_PATHS = NO;
				CLANG_ANALYZER_LOCALIZABILITY_NONLOCALIZED = YES;
				CLANG_ANALYZER_NONNULL = YES;
				CLANG_ANALYZER_NUMBER_OBJECT_CONVERSION = YES_AGGRESSIVE;
				CLANG_CXX_LANGUAGE_STANDARD = "gnu++14";
				CLANG_CXX_LIBRARY = "libc++";
				CLANG_ENABLE_MODULES = YES;
				CLANG_ENABLE_OBJC_ARC = YES;
				CLANG_ENABLE_OBJC_WEAK = YES;
				CLANG_WARN_BLOCK_CAPTURE_AUTORELEASING = YES;
				CLANG_WARN_BOOL_CONVERSION = YES;
				CLANG_WARN_COMMA = YES;
				CLANG_WARN_CONSTANT_CONVERSION = YES;
				CLANG_WARN_DEPRECATED_OBJC_IMPLEMENTATIONS = YES;
				CLANG_WARN_DIRECT_OBJC_ISA_USAGE = YES_ERROR;
				CLANG_WARN_DOCUMENTATION_COMMENTS = YES;
				CLANG_WARN_EMPTY_BODY = YES;
				CLANG_WARN_ENUM_CONVERSION = YES;
				CLANG_WARN_INFINITE_RECURSION = YES;
				CLANG_WARN_INT_CONVERSION = YES;
				CLANG_WARN_NON_LITERAL_NULL_CONVERSION = YES;
				CLANG_WARN_OBJC_IMPLICIT_RETAIN_SELF = YES;
				CLANG_WARN_OBJC_LITERAL_CONVERSION = YES;
				CLANG_WARN_OBJC_ROOT_CLASS = YES_ERROR;
				CLANG_WARN_QUOTED_INCLUDE_IN_FRAMEWORK_HEADER = YES;
				CLANG_WARN_RANGE_LOOP_ANALYSIS = YES;
				CLANG_WARN_STRICT_PROTOTYPES = YES;
				CLANG_WARN_SUSPICIOUS_MOVE = YES;
				CLANG_WARN_UNGUARDED_AVAILABILITY = YES_AGGRESSIVE;
				CLANG_WARN_UNREACHABLE_CODE = YES;
				CLANG_WARN__DUPLICATE_METHOD_MATCH = YES;
				COPY_PHASE_STRIP = NO;
				DEBUG_INFORMATION_FORMAT = "dwarf-with-dsym";
				ENABLE_BITCODE = NO;
				ENABLE_NS_ASSERTIONS = NO;
				ENABLE_STRICT_OBJC_MSGSEND = YES;
				GCC_C_LANGUAGE_STANDARD = gnu11;
				GCC_NO_COMMON_BLOCKS = YES;
				GCC_WARN_64_TO_32_BIT_CONVERSION = YES;
				GCC_WARN_ABOUT_RETURN_TYPE = YES_ERROR;
				GCC_WARN_UNDECLARED_SELECTOR = YES;
				GCC_WARN_UNINITIALIZED_AUTOS = YES_AGGRESSIVE;
				GCC_WARN_UNUSED_FUNCTION = YES;
				GCC_WARN_UNUSED_VARIABLE = YES;
				IPHONEOS_DEPLOYMENT_TARGET = 15.0;
				KEEP_PRIVATE_EXTERNS = YES;
				MTL_ENABLE_DEBUG_INFO = NO;
				MTL_FAST_MATH = YES;
				ONLY_ACTIVE_ARCH = NO;
				SDKROOT = iphoneos;
				SWIFT_COMPILATION_MODE = wholemodule;
				SWIFT_OPTIMIZATION_LEVEL = "-O";
				VALIDATE_PRODUCT = YES;
			};
			name = Release;
		};
		AC26032C2690691F00C4A520 /* Debug */ = {
			isa = XCBuildConfiguration;
			baseConfigurationReference = A316D5BECBE459250AC4A311 /* Pods-dia.debug.xcconfig */;
			buildSettings = {
				ASSETCATALOG_COMPILER_APPICON_NAME = AppIcon;
				ASSETCATALOG_COMPILER_GLOBAL_ACCENT_COLOR_NAME = AccentColor;
				CLANG_ENABLE_MODULES = YES;
				CODE_SIGN_STYLE = Automatic;
				CURRENT_PROJECT_VERSION = 1;
				DEVELOPMENT_ASSET_PATHS = "\"dia/Preview Content\"";
				DEVELOPMENT_TEAM = A73KYTXV9C;
				ENABLE_PREVIEWS = YES;
				GCC_NO_COMMON_BLOCKS = YES;
				INFOPLIST_FILE = dia/Info.plist;
				INFOPLIST_KEY_LSApplicationCategoryType = "public.app-category.healthcare-fitness";
				IPHONEOS_DEPLOYMENT_TARGET = 15.0;
				LD_RUNPATH_SEARCH_PATHS = (
					"$(inherited)",
					"@executable_path/Frameworks",
				);
				MARKETING_VERSION = 2.1.3;
				PRODUCT_BUNDLE_IDENTIFIER = app.dia;
				PRODUCT_NAME = "$(TARGET_NAME)";
				SWIFT_EMIT_LOC_STRINGS = YES;
				SWIFT_OPTIMIZATION_LEVEL = "-Onone";
				SWIFT_VERSION = 5.0;
				TARGETED_DEVICE_FAMILY = 1;
			};
			name = Debug;
		};
		AC26032D2690691F00C4A520 /* Release */ = {
			isa = XCBuildConfiguration;
			baseConfigurationReference = D9CF9E9E4A8A53525B5C38B0 /* Pods-dia.release.xcconfig */;
			buildSettings = {
				ASSETCATALOG_COMPILER_APPICON_NAME = AppIcon;
				ASSETCATALOG_COMPILER_GLOBAL_ACCENT_COLOR_NAME = AccentColor;
				CLANG_ENABLE_MODULES = YES;
				CODE_SIGN_STYLE = Automatic;
				CURRENT_PROJECT_VERSION = 1;
				DEVELOPMENT_ASSET_PATHS = "\"dia/Preview Content\"";
				DEVELOPMENT_TEAM = A73KYTXV9C;
				ENABLE_PREVIEWS = YES;
				GCC_NO_COMMON_BLOCKS = YES;
				INFOPLIST_FILE = dia/Info.plist;
				INFOPLIST_KEY_LSApplicationCategoryType = "public.app-category.healthcare-fitness";
				IPHONEOS_DEPLOYMENT_TARGET = 15.0;
				LD_RUNPATH_SEARCH_PATHS = (
					"$(inherited)",
					"@executable_path/Frameworks",
				);
				MARKETING_VERSION = 2.1.3;
				PRODUCT_BUNDLE_IDENTIFIER = app.dia;
				PRODUCT_NAME = "$(TARGET_NAME)";
				SWIFT_EMIT_LOC_STRINGS = YES;
				SWIFT_VERSION = 5.0;
				TARGETED_DEVICE_FAMILY = 1;
			};
			name = Release;
		};
/* End XCBuildConfiguration section */

/* Begin XCConfigurationList section */
		AC2603172690691E00C4A520 /* Build configuration list for PBXProject "dia" */ = {
			isa = XCConfigurationList;
			buildConfigurations = (
				AC2603292690691F00C4A520 /* Debug */,
				AC26032A2690691F00C4A520 /* Release */,
			);
			defaultConfigurationIsVisible = 0;
			defaultConfigurationName = Release;
		};
		AC26032B2690691F00C4A520 /* Build configuration list for PBXNativeTarget "dia" */ = {
			isa = XCConfigurationList;
			buildConfigurations = (
				AC26032C2690691F00C4A520 /* Debug */,
				AC26032D2690691F00C4A520 /* Release */,
			);
			defaultConfigurationIsVisible = 0;
			defaultConfigurationName = Release;
		};
/* End XCConfigurationList section */
	};
	rootObject = AC2603142690691E00C4A520 /* Project object */;
}
